// !$*UTF8*$!
{
	archiveVersion = 1;
	classes = {
	};
	objectVersion = 50;
	objects = {

/* Begin PBXBuildFile section */
		8C79571F25EA56AD00807591 /* AppDelegate.swift in Sources */ = {isa = PBXBuildFile; fileRef = 8C79571E25EA56AD00807591 /* AppDelegate.swift */; };
		8C79572125EA56AD00807591 /* SceneDelegate.swift in Sources */ = {isa = PBXBuildFile; fileRef = 8C79572025EA56AD00807591 /* SceneDelegate.swift */; };
		8C79572825EA56AF00807591 /* Assets.xcassets in Resources */ = {isa = PBXBuildFile; fileRef = 8C79572725EA56AF00807591 /* Assets.xcassets */; };
		8C79572B25EA56AF00807591 /* LaunchScreen.storyboard in Resources */ = {isa = PBXBuildFile; fileRef = 8C79572925EA56AF00807591 /* LaunchScreen.storyboard */; };
		8C79573625EA56AF00807591 /* LastFM_AppTests.swift in Sources */ = {isa = PBXBuildFile; fileRef = 8C79573525EA56AF00807591 /* LastFM_AppTests.swift */; };
		8C79575A25EA595900807591 /* TabBarController.swift in Sources */ = {isa = PBXBuildFile; fileRef = 8C79575925EA595900807591 /* TabBarController.swift */; };
		8C79575E25EA615500807591 /* TabBarControllerTests.swift in Sources */ = {isa = PBXBuildFile; fileRef = 8C79575D25EA615500807591 /* TabBarControllerTests.swift */; };
		8C79576325EA663100807591 /* SearchTableViewController.swift in Sources */ = {isa = PBXBuildFile; fileRef = 8C79576225EA663100807591 /* SearchTableViewController.swift */; };
		8C79576C25EA7EBE00807591 /* ArtistTableViewCell.swift in Sources */ = {isa = PBXBuildFile; fileRef = 8C79576B25EA7EBE00807591 /* ArtistTableViewCell.swift */; };
		8C79577525EA8A5000807591 /* ArtistAlbumsViewController.swift in Sources */ = {isa = PBXBuildFile; fileRef = 8C79577425EA8A5000807591 /* ArtistAlbumsViewController.swift */; };
		8C79577B25EA8D1800807591 /* SearchTableViewControllerTests.swift in Sources */ = {isa = PBXBuildFile; fileRef = 8C79577A25EA8D1800807591 /* SearchTableViewControllerTests.swift */; };
		8C79578425EA91DF00807591 /* TestHelpers.swift in Sources */ = {isa = PBXBuildFile; fileRef = 8C79578325EA91DF00807591 /* TestHelpers.swift */; };
		8C79579025EA979900807591 /* ArtistAlbumCollectionViewCell.swift in Sources */ = {isa = PBXBuildFile; fileRef = 8C79578F25EA979900807591 /* ArtistAlbumCollectionViewCell.swift */; };
		8C79579925EAA93700807591 /* AlbumDetailsViewController.swift in Sources */ = {isa = PBXBuildFile; fileRef = 8C79579825EAA93700807591 /* AlbumDetailsViewController.swift */; };
		8C79579D25EAB59C00807591 /* AlbumDetailsView.swift in Sources */ = {isa = PBXBuildFile; fileRef = 8C79579C25EAB59C00807591 /* AlbumDetailsView.swift */; };
		B06FC8A00207BA5EA3DA4DB6 /* Pods_LastFM_App.framework in Frameworks */ = {isa = PBXBuildFile; fileRef = F31A8E15D1F51890428DACC4 /* Pods_LastFM_App.framework */; };
		E59854A239203D10D810DC2A /* Pods_LastFM_AppTests.framework in Frameworks */ = {isa = PBXBuildFile; fileRef = 8DCE4E00D0A491B213735C78 /* Pods_LastFM_AppTests.framework */; };
/* End PBXBuildFile section */

/* Begin PBXContainerItemProxy section */
		8C79573225EA56AF00807591 /* PBXContainerItemProxy */ = {
			isa = PBXContainerItemProxy;
			containerPortal = 8C79571325EA56AD00807591 /* Project object */;
			proxyType = 1;
			remoteGlobalIDString = 8C79571A25EA56AD00807591;
			remoteInfo = "LastFM-App";
		};
/* End PBXContainerItemProxy section */

/* Begin PBXFileReference section */
		25AE2983A47C2405292BF481 /* Pods-LastFM-App.debug.xcconfig */ = {isa = PBXFileReference; includeInIndex = 1; lastKnownFileType = text.xcconfig; name = "Pods-LastFM-App.debug.xcconfig"; path = "Target Support Files/Pods-LastFM-App/Pods-LastFM-App.debug.xcconfig"; sourceTree = "<group>"; };
		40CFC8DCCA4318BE7C9D4183 /* Pods-LastFM-AppTests.debug.xcconfig */ = {isa = PBXFileReference; includeInIndex = 1; lastKnownFileType = text.xcconfig; name = "Pods-LastFM-AppTests.debug.xcconfig"; path = "Target Support Files/Pods-LastFM-AppTests/Pods-LastFM-AppTests.debug.xcconfig"; sourceTree = "<group>"; };
		8C79571B25EA56AD00807591 /* LastFM-App.app */ = {isa = PBXFileReference; explicitFileType = wrapper.application; includeInIndex = 0; path = "LastFM-App.app"; sourceTree = BUILT_PRODUCTS_DIR; };
		8C79571E25EA56AD00807591 /* AppDelegate.swift */ = {isa = PBXFileReference; lastKnownFileType = sourcecode.swift; path = AppDelegate.swift; sourceTree = "<group>"; };
		8C79572025EA56AD00807591 /* SceneDelegate.swift */ = {isa = PBXFileReference; lastKnownFileType = sourcecode.swift; path = SceneDelegate.swift; sourceTree = "<group>"; };
		8C79572725EA56AF00807591 /* Assets.xcassets */ = {isa = PBXFileReference; lastKnownFileType = folder.assetcatalog; path = Assets.xcassets; sourceTree = "<group>"; };
		8C79572A25EA56AF00807591 /* Base */ = {isa = PBXFileReference; lastKnownFileType = file.storyboard; name = Base; path = Base.lproj/LaunchScreen.storyboard; sourceTree = "<group>"; };
		8C79572C25EA56AF00807591 /* Info.plist */ = {isa = PBXFileReference; lastKnownFileType = text.plist.xml; path = Info.plist; sourceTree = "<group>"; };
		8C79573125EA56AF00807591 /* LastFM-AppTests.xctest */ = {isa = PBXFileReference; explicitFileType = wrapper.cfbundle; includeInIndex = 0; path = "LastFM-AppTests.xctest"; sourceTree = BUILT_PRODUCTS_DIR; };
		8C79573525EA56AF00807591 /* LastFM_AppTests.swift */ = {isa = PBXFileReference; lastKnownFileType = sourcecode.swift; path = LastFM_AppTests.swift; sourceTree = "<group>"; };
		8C79573725EA56AF00807591 /* Info.plist */ = {isa = PBXFileReference; lastKnownFileType = text.plist.xml; path = Info.plist; sourceTree = "<group>"; };
		8C79575925EA595900807591 /* TabBarController.swift */ = {isa = PBXFileReference; lastKnownFileType = sourcecode.swift; path = TabBarController.swift; sourceTree = "<group>"; };
		8C79575D25EA615500807591 /* TabBarControllerTests.swift */ = {isa = PBXFileReference; lastKnownFileType = sourcecode.swift; path = TabBarControllerTests.swift; sourceTree = "<group>"; };
		8C79576225EA663100807591 /* SearchTableViewController.swift */ = {isa = PBXFileReference; lastKnownFileType = sourcecode.swift; path = SearchTableViewController.swift; sourceTree = "<group>"; };
		8C79576B25EA7EBE00807591 /* ArtistTableViewCell.swift */ = {isa = PBXFileReference; lastKnownFileType = sourcecode.swift; path = ArtistTableViewCell.swift; sourceTree = "<group>"; };
		8C79577425EA8A5000807591 /* ArtistAlbumsViewController.swift */ = {isa = PBXFileReference; lastKnownFileType = sourcecode.swift; path = ArtistAlbumsViewController.swift; sourceTree = "<group>"; };
		8C79577A25EA8D1800807591 /* SearchTableViewControllerTests.swift */ = {isa = PBXFileReference; lastKnownFileType = sourcecode.swift; path = SearchTableViewControllerTests.swift; sourceTree = "<group>"; };
		8C79578325EA91DF00807591 /* TestHelpers.swift */ = {isa = PBXFileReference; lastKnownFileType = sourcecode.swift; path = TestHelpers.swift; sourceTree = "<group>"; };
		8C79578F25EA979900807591 /* ArtistAlbumCollectionViewCell.swift */ = {isa = PBXFileReference; lastKnownFileType = sourcecode.swift; path = ArtistAlbumCollectionViewCell.swift; sourceTree = "<group>"; };
		8C79579825EAA93700807591 /* AlbumDetailsViewController.swift */ = {isa = PBXFileReference; lastKnownFileType = sourcecode.swift; path = AlbumDetailsViewController.swift; sourceTree = "<group>"; };
		8C79579C25EAB59C00807591 /* AlbumDetailsView.swift */ = {isa = PBXFileReference; lastKnownFileType = sourcecode.swift; path = AlbumDetailsView.swift; sourceTree = "<group>"; };
		8DCE4E00D0A491B213735C78 /* Pods_LastFM_AppTests.framework */ = {isa = PBXFileReference; explicitFileType = wrapper.framework; includeInIndex = 0; path = Pods_LastFM_AppTests.framework; sourceTree = BUILT_PRODUCTS_DIR; };
		B7AC7886551E7CC2B984BEBB /* Pods-LastFM-AppTests.release.xcconfig */ = {isa = PBXFileReference; includeInIndex = 1; lastKnownFileType = text.xcconfig; name = "Pods-LastFM-AppTests.release.xcconfig"; path = "Target Support Files/Pods-LastFM-AppTests/Pods-LastFM-AppTests.release.xcconfig"; sourceTree = "<group>"; };
		DBBBDBC012503FA0AC72C8EB /* Pods-LastFM-App.release.xcconfig */ = {isa = PBXFileReference; includeInIndex = 1; lastKnownFileType = text.xcconfig; name = "Pods-LastFM-App.release.xcconfig"; path = "Target Support Files/Pods-LastFM-App/Pods-LastFM-App.release.xcconfig"; sourceTree = "<group>"; };
		F31A8E15D1F51890428DACC4 /* Pods_LastFM_App.framework */ = {isa = PBXFileReference; explicitFileType = wrapper.framework; includeInIndex = 0; path = Pods_LastFM_App.framework; sourceTree = BUILT_PRODUCTS_DIR; };
/* End PBXFileReference section */

/* Begin PBXFrameworksBuildPhase section */
		8C79571825EA56AD00807591 /* Frameworks */ = {
			isa = PBXFrameworksBuildPhase;
			buildActionMask = 2147483647;
			files = (
				B06FC8A00207BA5EA3DA4DB6 /* Pods_LastFM_App.framework in Frameworks */,
			);
			runOnlyForDeploymentPostprocessing = 0;
		};
		8C79572E25EA56AF00807591 /* Frameworks */ = {
			isa = PBXFrameworksBuildPhase;
			buildActionMask = 2147483647;
			files = (
				E59854A239203D10D810DC2A /* Pods_LastFM_AppTests.framework in Frameworks */,
			);
			runOnlyForDeploymentPostprocessing = 0;
		};
/* End PBXFrameworksBuildPhase section */

/* Begin PBXGroup section */
		7B675512E94273C23515FCDF /* Pods */ = {
			isa = PBXGroup;
			children = (
				25AE2983A47C2405292BF481 /* Pods-LastFM-App.debug.xcconfig */,
				DBBBDBC012503FA0AC72C8EB /* Pods-LastFM-App.release.xcconfig */,
				40CFC8DCCA4318BE7C9D4183 /* Pods-LastFM-AppTests.debug.xcconfig */,
				B7AC7886551E7CC2B984BEBB /* Pods-LastFM-AppTests.release.xcconfig */,
			);
			name = Pods;
			path = Pods;
			sourceTree = "<group>";
		};
		8C79571225EA56AD00807591 = {
			isa = PBXGroup;
			children = (
				8C79571D25EA56AD00807591 /* LastFM-App */,
				8C79573425EA56AF00807591 /* LastFM-AppTests */,
				8C79571C25EA56AD00807591 /* Products */,
				7B675512E94273C23515FCDF /* Pods */,
				DF0E16E119F4BCE4D4F9A1D6 /* Frameworks */,
			);
			sourceTree = "<group>";
		};
		8C79571C25EA56AD00807591 /* Products */ = {
			isa = PBXGroup;
			children = (
				8C79571B25EA56AD00807591 /* LastFM-App.app */,
				8C79573125EA56AF00807591 /* LastFM-AppTests.xctest */,
			);
			name = Products;
			sourceTree = "<group>";
		};
		8C79571D25EA56AD00807591 /* LastFM-App */ = {
			isa = PBXGroup;
			children = (
				8C79571E25EA56AD00807591 /* AppDelegate.swift */,
				8C79572025EA56AD00807591 /* SceneDelegate.swift */,
				8C79572725EA56AF00807591 /* Assets.xcassets */,
				8C79572925EA56AF00807591 /* LaunchScreen.storyboard */,
				8C79572C25EA56AF00807591 /* Info.plist */,
				8C79575925EA595900807591 /* TabBarController.swift */,
				8C79576125EA661400807591 /* Search */,
			);
			path = "LastFM-App";
			sourceTree = "<group>";
		};
		8C79573425EA56AF00807591 /* LastFM-AppTests */ = {
			isa = PBXGroup;
			children = (
				8C79578A25EA921D00807591 /* Search */,
				8C79578925EA921200807591 /* TabBar */,
				8C79573525EA56AF00807591 /* LastFM_AppTests.swift */,
				8C79573725EA56AF00807591 /* Info.plist */,
				8C79578225EA91C600807591 /* Helpers */,
			);
			path = "LastFM-AppTests";
			sourceTree = "<group>";
		};
		8C79576125EA661400807591 /* Search */ = {
			isa = PBXGroup;
			children = (
				8C79576225EA663100807591 /* SearchTableViewController.swift */,
				8C79576A25EA7E8A00807591 /* Cell */,
				8C79577325EA886F00807591 /* Artist Albums */,
			);
			path = Search;
			sourceTree = "<group>";
		};
		8C79576A25EA7E8A00807591 /* Cell */ = {
			isa = PBXGroup;
			children = (
				8C79576B25EA7EBE00807591 /* ArtistTableViewCell.swift */,
			);
			path = Cell;
			sourceTree = "<group>";
		};
		8C79577325EA886F00807591 /* Artist Albums */ = {
			isa = PBXGroup;
			children = (
				8C79577425EA8A5000807591 /* ArtistAlbumsViewController.swift */,
				8C79578E25EA977900807591 /* Cell */,
				8C79579725EAA90A00807591 /* Album Details */,
			);
			path = "Artist Albums";
			sourceTree = "<group>";
		};
		8C79578225EA91C600807591 /* Helpers */ = {
			isa = PBXGroup;
			children = (
				8C79578325EA91DF00807591 /* TestHelpers.swift */,
			);
			path = Helpers;
			sourceTree = "<group>";
		};
		8C79578925EA921200807591 /* TabBar */ = {
			isa = PBXGroup;
			children = (
				8C79575D25EA615500807591 /* TabBarControllerTests.swift */,
			);
			path = TabBar;
			sourceTree = "<group>";
		};
		8C79578A25EA921D00807591 /* Search */ = {
			isa = PBXGroup;
			children = (
				8C79577A25EA8D1800807591 /* SearchTableViewControllerTests.swift */,
			);
			path = Search;
			sourceTree = "<group>";
		};
		8C79578E25EA977900807591 /* Cell */ = {
			isa = PBXGroup;
			children = (
				8C79578F25EA979900807591 /* ArtistAlbumCollectionViewCell.swift */,
			);
			path = Cell;
			sourceTree = "<group>";
		};
		8C79579725EAA90A00807591 /* Album Details */ = {
			isa = PBXGroup;
			children = (
				8C79579825EAA93700807591 /* AlbumDetailsViewController.swift */,
				8C79579C25EAB59C00807591 /* AlbumDetailsView.swift */,
			);
			path = "Album Details";
			sourceTree = "<group>";
		};
		DF0E16E119F4BCE4D4F9A1D6 /* Frameworks */ = {
			isa = PBXGroup;
			children = (
				F31A8E15D1F51890428DACC4 /* Pods_LastFM_App.framework */,
				8DCE4E00D0A491B213735C78 /* Pods_LastFM_AppTests.framework */,
			);
			name = Frameworks;
			sourceTree = "<group>";
		};
/* End PBXGroup section */

/* Begin PBXNativeTarget section */
		8C79571A25EA56AD00807591 /* LastFM-App */ = {
			isa = PBXNativeTarget;
			buildConfigurationList = 8C79574525EA56AF00807591 /* Build configuration list for PBXNativeTarget "LastFM-App" */;
			buildPhases = (
				4EF5624992FEA06EDC2A5E09 /* [CP] Check Pods Manifest.lock */,
				8C79571725EA56AD00807591 /* Sources */,
				8C79571825EA56AD00807591 /* Frameworks */,
				8C79571925EA56AD00807591 /* Resources */,
				8B58B7CC08459A1CCA570AFE /* [CP] Embed Pods Frameworks */,
			);
			buildRules = (
			);
			dependencies = (
			);
			name = "LastFM-App";
			productName = "LastFM-App";
			productReference = 8C79571B25EA56AD00807591 /* LastFM-App.app */;
			productType = "com.apple.product-type.application";
		};
		8C79573025EA56AF00807591 /* LastFM-AppTests */ = {
			isa = PBXNativeTarget;
			buildConfigurationList = 8C79574825EA56AF00807591 /* Build configuration list for PBXNativeTarget "LastFM-AppTests" */;
			buildPhases = (
				734346F57D20F9084B840CD4 /* [CP] Check Pods Manifest.lock */,
				8C79572D25EA56AF00807591 /* Sources */,
				8C79572E25EA56AF00807591 /* Frameworks */,
				8C79572F25EA56AF00807591 /* Resources */,
			);
			buildRules = (
			);
			dependencies = (
				8C79573325EA56AF00807591 /* PBXTargetDependency */,
			);
			name = "LastFM-AppTests";
			productName = "LastFM-AppTests";
			productReference = 8C79573125EA56AF00807591 /* LastFM-AppTests.xctest */;
			productType = "com.apple.product-type.bundle.unit-test";
		};
/* End PBXNativeTarget section */

/* Begin PBXProject section */
		8C79571325EA56AD00807591 /* Project object */ = {
			isa = PBXProject;
			attributes = {
				LastSwiftUpdateCheck = 1240;
				LastUpgradeCheck = 1240;
				TargetAttributes = {
					8C79571A25EA56AD00807591 = {
						CreatedOnToolsVersion = 12.4;
					};
					8C79573025EA56AF00807591 = {
						CreatedOnToolsVersion = 12.4;
						TestTargetID = 8C79571A25EA56AD00807591;
					};
				};
			};
			buildConfigurationList = 8C79571625EA56AD00807591 /* Build configuration list for PBXProject "LastFM-App" */;
			compatibilityVersion = "Xcode 9.3";
			developmentRegion = en;
			hasScannedForEncodings = 0;
			knownRegions = (
				en,
				Base,
			);
			mainGroup = 8C79571225EA56AD00807591;
			productRefGroup = 8C79571C25EA56AD00807591 /* Products */;
			projectDirPath = "";
			projectRoot = "";
			targets = (
				8C79571A25EA56AD00807591 /* LastFM-App */,
				8C79573025EA56AF00807591 /* LastFM-AppTests */,
			);
		};
/* End PBXProject section */

/* Begin PBXResourcesBuildPhase section */
		8C79571925EA56AD00807591 /* Resources */ = {
			isa = PBXResourcesBuildPhase;
			buildActionMask = 2147483647;
			files = (
				8C79572B25EA56AF00807591 /* LaunchScreen.storyboard in Resources */,
				8C79572825EA56AF00807591 /* Assets.xcassets in Resources */,
			);
			runOnlyForDeploymentPostprocessing = 0;
		};
		8C79572F25EA56AF00807591 /* Resources */ = {
			isa = PBXResourcesBuildPhase;
			buildActionMask = 2147483647;
			files = (
			);
			runOnlyForDeploymentPostprocessing = 0;
		};
/* End PBXResourcesBuildPhase section */

/* Begin PBXShellScriptBuildPhase section */
		4EF5624992FEA06EDC2A5E09 /* [CP] Check Pods Manifest.lock */ = {
			isa = PBXShellScriptBuildPhase;
			buildActionMask = 2147483647;
			files = (
			);
			inputFileListPaths = (
			);
			inputPaths = (
				"${PODS_PODFILE_DIR_PATH}/Podfile.lock",
				"${PODS_ROOT}/Manifest.lock",
			);
			name = "[CP] Check Pods Manifest.lock";
			outputFileListPaths = (
			);
			outputPaths = (
				"$(DERIVED_FILE_DIR)/Pods-LastFM-App-checkManifestLockResult.txt",
			);
			runOnlyForDeploymentPostprocessing = 0;
			shellPath = /bin/sh;
			shellScript = "diff \"${PODS_PODFILE_DIR_PATH}/Podfile.lock\" \"${PODS_ROOT}/Manifest.lock\" > /dev/null\nif [ $? != 0 ] ; then\n    # print error to STDERR\n    echo \"error: The sandbox is not in sync with the Podfile.lock. Run 'pod install' or update your CocoaPods installation.\" >&2\n    exit 1\nfi\n# This output is used by Xcode 'outputs' to avoid re-running this script phase.\necho \"SUCCESS\" > \"${SCRIPT_OUTPUT_FILE_0}\"\n";
			showEnvVarsInLog = 0;
		};
		734346F57D20F9084B840CD4 /* [CP] Check Pods Manifest.lock */ = {
			isa = PBXShellScriptBuildPhase;
			buildActionMask = 2147483647;
			files = (
			);
			inputFileListPaths = (
			);
			inputPaths = (
				"${PODS_PODFILE_DIR_PATH}/Podfile.lock",
				"${PODS_ROOT}/Manifest.lock",
			);
			name = "[CP] Check Pods Manifest.lock";
			outputFileListPaths = (
			);
			outputPaths = (
				"$(DERIVED_FILE_DIR)/Pods-LastFM-AppTests-checkManifestLockResult.txt",
			);
			runOnlyForDeploymentPostprocessing = 0;
			shellPath = /bin/sh;
			shellScript = "diff \"${PODS_PODFILE_DIR_PATH}/Podfile.lock\" \"${PODS_ROOT}/Manifest.lock\" > /dev/null\nif [ $? != 0 ] ; then\n    # print error to STDERR\n    echo \"error: The sandbox is not in sync with the Podfile.lock. Run 'pod install' or update your CocoaPods installation.\" >&2\n    exit 1\nfi\n# This output is used by Xcode 'outputs' to avoid re-running this script phase.\necho \"SUCCESS\" > \"${SCRIPT_OUTPUT_FILE_0}\"\n";
			showEnvVarsInLog = 0;
		};
		8B58B7CC08459A1CCA570AFE /* [CP] Embed Pods Frameworks */ = {
			isa = PBXShellScriptBuildPhase;
			buildActionMask = 2147483647;
			files = (
			);
			inputFileListPaths = (
				"${PODS_ROOT}/Target Support Files/Pods-LastFM-App/Pods-LastFM-App-frameworks-${CONFIGURATION}-input-files.xcfilelist",
			);
			name = "[CP] Embed Pods Frameworks";
			outputFileListPaths = (
				"${PODS_ROOT}/Target Support Files/Pods-LastFM-App/Pods-LastFM-App-frameworks-${CONFIGURATION}-output-files.xcfilelist",
			);
			runOnlyForDeploymentPostprocessing = 0;
			shellPath = /bin/sh;
			shellScript = "\"${PODS_ROOT}/Target Support Files/Pods-LastFM-App/Pods-LastFM-App-frameworks.sh\"\n";
			showEnvVarsInLog = 0;
		};
/* End PBXShellScriptBuildPhase section */

/* Begin PBXSourcesBuildPhase section */
		8C79571725EA56AD00807591 /* Sources */ = {
			isa = PBXSourcesBuildPhase;
			buildActionMask = 2147483647;
			files = (
				8C79576325EA663100807591 /* SearchTableViewController.swift in Sources */,
				8C79575A25EA595900807591 /* TabBarController.swift in Sources */,
				8C79579925EAA93700807591 /* AlbumDetailsViewController.swift in Sources */,
				8C79579D25EAB59C00807591 /* AlbumDetailsView.swift in Sources */,
				8C79577525EA8A5000807591 /* ArtistAlbumsViewController.swift in Sources */,
				8C79576C25EA7EBE00807591 /* ArtistTableViewCell.swift in Sources */,
				8C79579025EA979900807591 /* ArtistAlbumCollectionViewCell.swift in Sources */,
				8C79571F25EA56AD00807591 /* AppDelegate.swift in Sources */,
				8C79572125EA56AD00807591 /* SceneDelegate.swift in Sources */,
			);
			runOnlyForDeploymentPostprocessing = 0;
		};
		8C79572D25EA56AF00807591 /* Sources */ = {
			isa = PBXSourcesBuildPhase;
			buildActionMask = 2147483647;
			files = (
				8C79573625EA56AF00807591 /* LastFM_AppTests.swift in Sources */,
				8C79577B25EA8D1800807591 /* SearchTableViewControllerTests.swift in Sources */,
				8C79575E25EA615500807591 /* TabBarControllerTests.swift in Sources */,
				8C79578425EA91DF00807591 /* TestHelpers.swift in Sources */,
			);
			runOnlyForDeploymentPostprocessing = 0;
		};
/* End PBXSourcesBuildPhase section */

/* Begin PBXTargetDependency section */
		8C79573325EA56AF00807591 /* PBXTargetDependency */ = {
			isa = PBXTargetDependency;
			target = 8C79571A25EA56AD00807591 /* LastFM-App */;
			targetProxy = 8C79573225EA56AF00807591 /* PBXContainerItemProxy */;
		};
/* End PBXTargetDependency section */

/* Begin PBXVariantGroup section */
		8C79572925EA56AF00807591 /* LaunchScreen.storyboard */ = {
			isa = PBXVariantGroup;
			children = (
				8C79572A25EA56AF00807591 /* Base */,
			);
			name = LaunchScreen.storyboard;
			sourceTree = "<group>";
		};
/* End PBXVariantGroup section */

/* Begin XCBuildConfiguration section */
		8C79574325EA56AF00807591 /* Debug */ = {
			isa = XCBuildConfiguration;
			buildSettings = {
				ALWAYS_SEARCH_USER_PATHS = NO;
				CLANG_ANALYZER_NONNULL = YES;
				CLANG_ANALYZER_NUMBER_OBJECT_CONVERSION = YES_AGGRESSIVE;
				CLANG_CXX_LANGUAGE_STANDARD = "gnu++14";
				CLANG_CXX_LIBRARY = "libc++";
				CLANG_ENABLE_MODULES = YES;
				CLANG_ENABLE_OBJC_ARC = YES;
				CLANG_ENABLE_OBJC_WEAK = YES;
				CLANG_WARN_BLOCK_CAPTURE_AUTORELEASING = YES;
				CLANG_WARN_BOOL_CONVERSION = YES;
				CLANG_WARN_COMMA = YES;
				CLANG_WARN_CONSTANT_CONVERSION = YES;
				CLANG_WARN_DEPRECATED_OBJC_IMPLEMENTATIONS = YES;
				CLANG_WARN_DIRECT_OBJC_ISA_USAGE = YES_ERROR;
				CLANG_WARN_DOCUMENTATION_COMMENTS = YES;
				CLANG_WARN_EMPTY_BODY = YES;
				CLANG_WARN_ENUM_CONVERSION = YES;
				CLANG_WARN_INFINITE_RECURSION = YES;
				CLANG_WARN_INT_CONVERSION = YES;
				CLANG_WARN_NON_LITERAL_NULL_CONVERSION = YES;
				CLANG_WARN_OBJC_IMPLICIT_RETAIN_SELF = YES;
				CLANG_WARN_OBJC_LITERAL_CONVERSION = YES;
				CLANG_WARN_OBJC_ROOT_CLASS = YES_ERROR;
				CLANG_WARN_QUOTED_INCLUDE_IN_FRAMEWORK_HEADER = YES;
				CLANG_WARN_RANGE_LOOP_ANALYSIS = YES;
				CLANG_WARN_STRICT_PROTOTYPES = YES;
				CLANG_WARN_SUSPICIOUS_MOVE = YES;
				CLANG_WARN_UNGUARDED_AVAILABILITY = YES_AGGRESSIVE;
				CLANG_WARN_UNREACHABLE_CODE = YES;
				CLANG_WARN__DUPLICATE_METHOD_MATCH = YES;
				COPY_PHASE_STRIP = NO;
				DEBUG_INFORMATION_FORMAT = dwarf;
				ENABLE_STRICT_OBJC_MSGSEND = YES;
				ENABLE_TESTABILITY = YES;
				GCC_C_LANGUAGE_STANDARD = gnu11;
				GCC_DYNAMIC_NO_PIC = NO;
				GCC_NO_COMMON_BLOCKS = YES;
				GCC_OPTIMIZATION_LEVEL = 0;
				GCC_PREPROCESSOR_DEFINITIONS = (
					"DEBUG=1",
					"$(inherited)",
				);
				GCC_WARN_64_TO_32_BIT_CONVERSION = YES;
				GCC_WARN_ABOUT_RETURN_TYPE = YES_ERROR;
				GCC_WARN_UNDECLARED_SELECTOR = YES;
				GCC_WARN_UNINITIALIZED_AUTOS = YES_AGGRESSIVE;
				GCC_WARN_UNUSED_FUNCTION = YES;
				GCC_WARN_UNUSED_VARIABLE = YES;
				IPHONEOS_DEPLOYMENT_TARGET = 14.4;
				MTL_ENABLE_DEBUG_INFO = INCLUDE_SOURCE;
				MTL_FAST_MATH = YES;
				ONLY_ACTIVE_ARCH = YES;
				SDKROOT = iphoneos;
				SWIFT_ACTIVE_COMPILATION_CONDITIONS = DEBUG;
				SWIFT_OPTIMIZATION_LEVEL = "-Onone";
			};
			name = Debug;
		};
		8C79574425EA56AF00807591 /* Release */ = {
			isa = XCBuildConfiguration;
			buildSettings = {
				ALWAYS_SEARCH_USER_PATHS = NO;
				CLANG_ANALYZER_NONNULL = YES;
				CLANG_ANALYZER_NUMBER_OBJECT_CONVERSION = YES_AGGRESSIVE;
				CLANG_CXX_LANGUAGE_STANDARD = "gnu++14";
				CLANG_CXX_LIBRARY = "libc++";
				CLANG_ENABLE_MODULES = YES;
				CLANG_ENABLE_OBJC_ARC = YES;
				CLANG_ENABLE_OBJC_WEAK = YES;
				CLANG_WARN_BLOCK_CAPTURE_AUTORELEASING = YES;
				CLANG_WARN_BOOL_CONVERSION = YES;
				CLANG_WARN_COMMA = YES;
				CLANG_WARN_CONSTANT_CONVERSION = YES;
				CLANG_WARN_DEPRECATED_OBJC_IMPLEMENTATIONS = YES;
				CLANG_WARN_DIRECT_OBJC_ISA_USAGE = YES_ERROR;
				CLANG_WARN_DOCUMENTATION_COMMENTS = YES;
				CLANG_WARN_EMPTY_BODY = YES;
				CLANG_WARN_ENUM_CONVERSION = YES;
				CLANG_WARN_INFINITE_RECURSION = YES;
				CLANG_WARN_INT_CONVERSION = YES;
				CLANG_WARN_NON_LITERAL_NULL_CONVERSION = YES;
				CLANG_WARN_OBJC_IMPLICIT_RETAIN_SELF = YES;
				CLANG_WARN_OBJC_LITERAL_CONVERSION = YES;
				CLANG_WARN_OBJC_ROOT_CLASS = YES_ERROR;
				CLANG_WARN_QUOTED_INCLUDE_IN_FRAMEWORK_HEADER = YES;
				CLANG_WARN_RANGE_LOOP_ANALYSIS = YES;
				CLANG_WARN_STRICT_PROTOTYPES = YES;
				CLANG_WARN_SUSPICIOUS_MOVE = YES;
				CLANG_WARN_UNGUARDED_AVAILABILITY = YES_AGGRESSIVE;
				CLANG_WARN_UNREACHABLE_CODE = YES;
				CLANG_WARN__DUPLICATE_METHOD_MATCH = YES;
				COPY_PHASE_STRIP = NO;
				DEBUG_INFORMATION_FORMAT = "dwarf-with-dsym";
				ENABLE_NS_ASSERTIONS = NO;
				ENABLE_STRICT_OBJC_MSGSEND = YES;
				GCC_C_LANGUAGE_STANDARD = gnu11;
				GCC_NO_COMMON_BLOCKS = YES;
				GCC_WARN_64_TO_32_BIT_CONVERSION = YES;
				GCC_WARN_ABOUT_RETURN_TYPE = YES_ERROR;
				GCC_WARN_UNDECLARED_SELECTOR = YES;
				GCC_WARN_UNINITIALIZED_AUTOS = YES_AGGRESSIVE;
				GCC_WARN_UNUSED_FUNCTION = YES;
				GCC_WARN_UNUSED_VARIABLE = YES;
				IPHONEOS_DEPLOYMENT_TARGET = 14.4;
				MTL_ENABLE_DEBUG_INFO = NO;
				MTL_FAST_MATH = YES;
				SDKROOT = iphoneos;
				SWIFT_COMPILATION_MODE = wholemodule;
				SWIFT_OPTIMIZATION_LEVEL = "-O";
				VALIDATE_PRODUCT = YES;
			};
			name = Release;
		};
		8C79574625EA56AF00807591 /* Debug */ = {
			isa = XCBuildConfiguration;
			baseConfigurationReference = 25AE2983A47C2405292BF481 /* Pods-LastFM-App.debug.xcconfig */;
			buildSettings = {
				ASSETCATALOG_COMPILER_APPICON_NAME = AppIcon;
				ASSETCATALOG_COMPILER_GLOBAL_ACCENT_COLOR_NAME = AccentColor;
				CODE_SIGN_STYLE = Automatic;
				DEVELOPMENT_TEAM = SE47ZVXRT6;
				INFOPLIST_FILE = "LastFM-App/Info.plist";
				LD_RUNPATH_SEARCH_PATHS = (
					"$(inherited)",
					"@executable_path/Frameworks",
				);
				PRODUCT_BUNDLE_IDENTIFIER = "com.flock.LastFM-App";
				PRODUCT_NAME = "$(TARGET_NAME)";
				SWIFT_VERSION = 5.0;
				TARGETED_DEVICE_FAMILY = "1,2";
			};
			name = Debug;
		};
		8C79574725EA56AF00807591 /* Release */ = {
			isa = XCBuildConfiguration;
			baseConfigurationReference = DBBBDBC012503FA0AC72C8EB /* Pods-LastFM-App.release.xcconfig */;
			buildSettings = {
				ASSETCATALOG_COMPILER_APPICON_NAME = AppIcon;
				ASSETCATALOG_COMPILER_GLOBAL_ACCENT_COLOR_NAME = AccentColor;
				CODE_SIGN_STYLE = Automatic;
				DEVELOPMENT_TEAM = SE47ZVXRT6;
				INFOPLIST_FILE = "LastFM-App/Info.plist";
				LD_RUNPATH_SEARCH_PATHS = (
					"$(inherited)",
					"@executable_path/Frameworks",
				);
				PRODUCT_BUNDLE_IDENTIFIER = "com.flock.LastFM-App";
				PRODUCT_NAME = "$(TARGET_NAME)";
				SWIFT_VERSION = 5.0;
				TARGETED_DEVICE_FAMILY = "1,2";
			};
			name = Release;
		};
		8C79574925EA56AF00807591 /* Debug */ = {
			isa = XCBuildConfiguration;
			baseConfigurationReference = 40CFC8DCCA4318BE7C9D4183 /* Pods-LastFM-AppTests.debug.xcconfig */;
			buildSettings = {
				ALWAYS_EMBED_SWIFT_STANDARD_LIBRARIES = YES;
				BUNDLE_LOADER = "$(TEST_HOST)";
				CODE_SIGN_STYLE = Automatic;
				DEVELOPMENT_TEAM = SE47ZVXRT6;
				INFOPLIST_FILE = "LastFM-AppTests/Info.plist";
				IPHONEOS_DEPLOYMENT_TARGET = 14.4;
				LD_RUNPATH_SEARCH_PATHS = (
					"$(inherited)",
					"@executable_path/Frameworks",
					"@loader_path/Frameworks",
				);
				PRODUCT_BUNDLE_IDENTIFIER = "com.flock.LastFM-AppTests";
				PRODUCT_NAME = "$(TARGET_NAME)";
				SWIFT_VERSION = 5.0;
				TARGETED_DEVICE_FAMILY = "1,2";
				TEST_HOST = "$(BUILT_PRODUCTS_DIR)/LastFM-App.app/LastFM-App";
			};
			name = Debug;
		};
		8C79574A25EA56AF00807591 /* Release */ = {
			isa = XCBuildConfiguration;
			baseConfigurationReference = B7AC7886551E7CC2B984BEBB /* Pods-LastFM-AppTests.release.xcconfig */;
			buildSettings = {
				ALWAYS_EMBED_SWIFT_STANDARD_LIBRARIES = YES;
				BUNDLE_LOADER = "$(TEST_HOST)";
				CODE_SIGN_STYLE = Automatic;
				DEVELOPMENT_TEAM = SE47ZVXRT6;
				INFOPLIST_FILE = "LastFM-AppTests/Info.plist";
				IPHONEOS_DEPLOYMENT_TARGET = 14.4;
				LD_RUNPATH_SEARCH_PATHS = (
					"$(inherited)",
					"@executable_path/Frameworks",
					"@loader_path/Frameworks",
				);
				PRODUCT_BUNDLE_IDENTIFIER = "com.flock.LastFM-AppTests";
				PRODUCT_NAME = "$(TARGET_NAME)";
				SWIFT_VERSION = 5.0;
				TARGETED_DEVICE_FAMILY = "1,2";
				TEST_HOST = "$(BUILT_PRODUCTS_DIR)/LastFM-App.app/LastFM-App";
			};
			name = Release;
		};
/* End XCBuildConfiguration section */

/* Begin XCConfigurationList section */
		8C79571625EA56AD00807591 /* Build configuration list for PBXProject "LastFM-App" */ = {
			isa = XCConfigurationList;
			buildConfigurations = (
				8C79574325EA56AF00807591 /* Debug */,
				8C79574425EA56AF00807591 /* Release */,
			);
			defaultConfigurationIsVisible = 0;
			defaultConfigurationName = Release;
		};
		8C79574525EA56AF00807591 /* Build configuration list for PBXNativeTarget "LastFM-App" */ = {
			isa = XCConfigurationList;
			buildConfigurations = (
				8C79574625EA56AF00807591 /* Debug */,
				8C79574725EA56AF00807591 /* Release */,
			);
			defaultConfigurationIsVisible = 0;
			defaultConfigurationName = Release;
		};
		8C79574825EA56AF00807591 /* Build configuration list for PBXNativeTarget "LastFM-AppTests" */ = {
			isa = XCConfigurationList;
			buildConfigurations = (
				8C79574925EA56AF00807591 /* Debug */,
				8C79574A25EA56AF00807591 /* Release */,
			);
			defaultConfigurationIsVisible = 0;
			defaultConfigurationName = Release;
		};
/* End XCConfigurationList section */
	};
	rootObject = 8C79571325EA56AD00807591 /* Project object */;
}
